hash: 5466a335e10ab8259137b683cf79aefc921aaa45e45dba653036f22edd5a0aba
updated: 2018-08-16T08:53:51.822651+01:00
imports:
- name: github.com/hashicorp/go-version
  version: 270f2f71b1ee587f3b609f00f422b76a6b28f348
- name: github.com/mattn/go-colorable
  version: efa589957cd060542a26d2dd7832fd6a6c6c3ade
- name: github.com/mattn/go-isatty
  version: 6ca4dbf54d38eea1a992b3c722a76a5d1c4cb25c
- name: github.com/mgutz/ansi
  version: 9520e82c474b0a04dd04f8a40959027271bab992
- name: github.com/sirupsen/logrus
  version: e4b0c6d7829bcf64435536c4a88f4088a3c76203
- name: github.com/urakozz/go-json-schema-generator
  version: 645b0ded705ed7cec8c301e3bf11df8a4e544551
- name: github.com/urfave/cli
  version: cfb38830724cc34fedffe9a2a29fb54fa9169cd1
- name: golang.org/x/crypto
  version: de0752318171da717af4ce24d0a2e8626afaeb11
  subpackages:
  - ssh/terminal
- name: golang.org/x/sys
  version: 1c9583448a9c3aa0f9a6a5241bf73c0bd8aafded
  subpackages:
  - unix
  - windows
- name: gopkg.in/AlecAivazis/survey.v1
  version: 17861e192dc11fd2f5081df1932c94cce262fa1e
  subpackages:
  - core
  - terminal
- name: gopkg.in/yaml.v2
  version: 5420a8b6744d3b0345ab293f6fcba19c978f1183
testImports:
- name: github.com/davecgh/go-spew
  version: 8991bc29aa16c548c550c7ff78260e27b9ab7c73
  subpackages:
  - spew
- name: github.com/goreleaser/goreleaser
  version: dba643c19f5261f8389f20e9291acaafacf45b9a
  subpackages:
  - assert
- name: github.com/pmezard/go-difflib
  version: 792786c7400a136282c1664665ae0a8db921c6c2
  subpackages:
  - difflib
- name: github.com/stretchr/testify
  version: f35b8ab0b5a2cef36673838d662e249dd9c94686
  subpackages:
  - assert
